
Microsoft Visual Studio Solution File, Format Version 12.00
# Visual Studio Version 17
VisualStudioVersion = 17.9.34607.119
MinimumVisualStudioVersion = 10.0.40219.1
Project("{FAE04EC0-301F-11D3-BF4B-00C04F79EFBC}") = "ConsoleApp8", "ConsoleApp8\ConsoleApp8.csproj", "{59AB345C-6B74-4417-9E41-806C45F393CC}"
EndProject
Global
	GlobalSection(SolutionConfigurationPlatforms) = preSolution
		Debug|Any CPU = Debug|Any CPU
		Release|Any CPU = Release|Any CPU
	EndGlobalSection
	GlobalSection(ProjectConfigurationPlatforms) = postSolution
		{59AB345C-6B74-4417-9E41-806C45F393CC}.Debug|Any CPU.ActiveCfg = Debug|Any CPU
		{59AB345C-6B74-4417-9E41-806C45F393CC}.Debug|Any CPU.Build.0 = Debug|Any CPU
		{59AB345C-6B74-4417-9E41-806C45F393CC}.Release|Any CPU.ActiveCfg = Release|Any CPU
		{59AB345C-6B74-4417-9E41-806C45F393CC}.Release|Any CPU.Build.0 = Release|Any CPU
	EndGlobalSection
	GlobalSection(SolutionProperties) = preSolution
		HideSolutionNode = FALSE
	EndGlobalSection
	GlobalSection(ExtensibilityGlobals) = postSolution
		SolutionGuid = {D9118BF2-21DD-4FBD-B28E-B5891C00099D}
	EndGlobalSection
EndGlobal
